
Microsoft Visual Studio Solution File, Format Version 12.00
# Visual Studio Version 16
VisualStudioVersion = 16.0.31702.278
MinimumVisualStudioVersion = 10.0.40219.1
Project("{FAE04EC0-301F-11D3-BF4B-00C04F79EFBC}") = "WeddingHall", "WeddingHall.csproj", "{57CD122C-84FC-4445-8F8B-4BF226A72404}"
EndProject
Global
	GlobalSection(SolutionConfigurationPlatforms) = preSolution
		Debug|Any CPU = Debug|Any CPU
		Release|Any CPU = Release|Any CPU
	EndGlobalSection
	GlobalSection(ProjectConfigurationPlatforms) = postSolution
		{57CD122C-84FC-4445-8F8B-4BF226A72404}.Debug|Any CPU.ActiveCfg = Debug|Any CPU
		{57CD122C-84FC-4445-8F8B-4BF226A72404}.Debug|Any CPU.Build.0 = Debug|Any CPU
		{57CD122C-84FC-4445-8F8B-4BF226A72404}.Release|Any CPU.ActiveCfg = Release|Any CPU
		{57CD122C-84FC-4445-8F8B-4BF226A72404}.Release|Any CPU.Build.0 = Release|Any CPU
	EndGlobalSection
	GlobalSection(SolutionProperties) = preSolution
		HideSolutionNode = FALSE
	EndGlobalSection
	GlobalSection(ExtensibilityGlobals) = postSolution
		SolutionGuid = {EF058BF9-3724-4A69-9FCB-16501182FE4F}
	EndGlobalSection
EndGlobal
